{
  "version": 4,
  "terraform_version": "1.3.6",
  "serial": 890,
  "lineage": "8e70e857-0e8f-556a-42fd-426ac34c7c17",
  "outputs": {
    "server_public_dns": {
      "value": "ec2-35-177-52-103.eu-west-2.compute.amazonaws.com",
      "type": "string"
    },
    "server_public_ipv4": {
      "value": "35.177.52.103",
      "type": "string"
    }
  },
  "resources": [
    {
      "mode": "data",
      "type": "aws_ami",
      "name": "ubuntu",
      "provider": "provider[\"registry.terraform.io/hashicorp/aws\"]",
      "instances": [
        {
          "schema_version": 0,
          "attributes": {
            "architecture": "x86_64",
            "arn": "arn:aws:ec2:eu-west-2::image/ami-020f28df2f62420b2",
            "block_device_mappings": [
              {
                "device_name": "/dev/sda1",
                "ebs": {
                  "delete_on_termination": "true",
                  "encrypted": "false",
                  "iops": "0",
                  "snapshot_id": "snap-05797d0783b2ca7c4",
                  "throughput": "0",
                  "volume_size": "8",
                  "volume_type": "gp2"
                },
                "no_device": "",
                "virtual_name": ""
              },
              {
                "device_name": "/dev/sdb",
                "ebs": {},
                "no_device": "",
                "virtual_name": "ephemeral0"
              },
              {
                "device_name": "/dev/sdc",
                "ebs": {},
                "no_device": "",
                "virtual_name": "ephemeral1"
              }
            ],
            "boot_mode": "legacy-bios",
            "creation_date": "2023-06-08T04:39:41.000Z",
            "deprecation_time": "2025-06-08T04:39:41.000Z",
            "description": "Canonical, Ubuntu, 22.04 LTS, amd64 jammy image build on 2023-06-08",
            "ena_support": true,
            "executable_users": null,
            "filter": [
              {
                "name": "name",
                "values": [
                  "ubuntu/images/hvm-ssd/ubuntu-*-22.04-amd64-server-*"
                ]
              },
              {
                "name": "virtualization-type",
                "values": [
                  "hvm"
                ]
              }
            ],
            "hypervisor": "xen",
            "id": "ami-020f28df2f62420b2",
            "image_id": "ami-020f28df2f62420b2",
            "image_location": "amazon/ubuntu/images/hvm-ssd/ubuntu-jammy-22.04-amd64-server-20230608",
            "image_owner_alias": "amazon",
            "image_type": "machine",
            "imds_support": "",
            "include_deprecated": false,
            "kernel_id": "",
            "most_recent": true,
            "name": "ubuntu/images/hvm-ssd/ubuntu-jammy-22.04-amd64-server-20230608",
            "name_regex": null,
            "owner_id": "099720109477",
            "owners": [
              "099720109477"
            ],
            "platform": "",
            "platform_details": "Linux/UNIX",
            "product_codes": [],
            "public": true,
            "ramdisk_id": "",
            "root_device_name": "/dev/sda1",
            "root_device_type": "ebs",
            "root_snapshot_id": "snap-05797d0783b2ca7c4",
            "sriov_net_support": "simple",
            "state": "available",
            "state_reason": {
              "code": "UNSET",
              "message": "UNSET"
            },
            "tags": {},
            "timeouts": null,
            "tpm_support": "",
            "usage_operation": "RunInstances",
            "virtualization_type": "hvm"
          },
          "sensitive_attributes": []
        }
      ]
    },
    {
      "mode": "data",
      "type": "aws_availability_zones",
      "name": "all",
      "provider": "provider[\"registry.terraform.io/hashicorp/aws\"]",
      "instances": [
        {
          "schema_version": 0,
          "attributes": {
            "all_availability_zones": null,
            "exclude_names": null,
            "exclude_zone_ids": null,
            "filter": null,
            "group_names": [
              "eu-west-2"
            ],
            "id": "eu-west-2",
            "names": [
              "eu-west-2a",
              "eu-west-2b",
              "eu-west-2c"
            ],
            "state": null,
            "timeouts": null,
            "zone_ids": [
              "euw2-az2",
              "euw2-az3",
              "euw2-az1"
            ]
          },
          "sensitive_attributes": []
        }
      ]
    },
    {
      "mode": "data",
      "type": "template_file",
      "name": "user_data",
      "provider": "provider[\"registry.terraform.io/hashicorp/template\"]",
      "instances": [
        {
          "schema_version": 0,
          "attributes": {
            "filename": null,
            "id": "1b74672f7ed6ff187e546a57b783fd120b31c06e9687501411c7bbea0d8638e1",
            "rendered": "#cloud-config\n# Add groups to the system\n# Adds the ubuntu group with members 'root' and 'sys'\n# and the empty group hashicorp.\n# groups:\n#   - ubuntu: [root,sys]\n\n# Add users to the system. Users are added after groups are added.\n# users:\n#   - default\n#   - name: willow\n#     gecos: willow\n#     shell: /bin/bash\n#     sudo: ALL=(ALL) NOPASSWD:ALL\n#     groups: users, admin\n#     #lock_passwd: false\n#     ssh_authorized_keys:\n#       - willow_key\n\n# Downloads the golang package\n#packages:\n#  - \n\n# Install prerequisities\nruncmd:\n  - \"sudo parted /dev/nvme1n1 mklabel gpt mkpart primary 0% 100% --script \u0026\u0026 sudo mkfs.xfs /dev/nvme1n1p1\"\n  - \"sudo mv /var/lib /var/lib1 \u0026\u0026 sudo mkdir /var/lib\"\n  - \"echo '/dev/nvme1n1p1 /var/lib xfs defaults 0 0' | sudo tee -a /etc/fstab \u0026\u0026 sudo mount -a\"\n  - \"sudo mv /var/lib1/* /var/lib/ \u0026\u0026 sudo rmdir /var/lib1\"\n  - \"curl https://get.docker.com | sh \u0026\u0026 sudo systemctl --now enable docker\"\n  - \"distribution=$(. /etc/os-release;echo $ID$VERSION_ID | sed -e 's/\\\\.//g')\n    \u0026\u0026 wget https://developer.download.nvidia.com/compute/cuda/repos/$distribution/x86_64/cuda-keyring_1.0-1_all.deb\n    \u0026\u0026 sudo dpkg -i cuda-keyring_1.0-1_all.deb \u0026\u0026 rm cuda-keyring_1.0-1_all.deb\"\n  - \"distribution=$(. /etc/os-release;echo $ID$VERSION_ID)\n    \u0026\u0026 curl -fsSL https://nvidia.github.io/libnvidia-container/gpgkey | sudo gpg --dearmor -o /usr/share/keyrings/nvidia-container-toolkit-keyring.gpg\n    \u0026\u0026 curl -s -L https://nvidia.github.io/libnvidia-container/$distribution/libnvidia-container.list |\n    sed 's#deb https://#deb [signed-by=/usr/share/keyrings/nvidia-container-toolkit-keyring.gpg] https://#g' |\n    sudo tee /etc/apt/sources.list.d/nvidia-container-toolkit.list\"\n  - \"sudo apt-get update\"\n  - \"sudo DEBIAN_FRONTEND=noninteractive apt-get install -y --no-install-recommends cuda-drivers nvidia-container-toolkit\"\n  - \"sudo usermod -aG docker ubuntu\"\n  - \"sudo nvidia-ctk runtime configure --runtime=docker\"\n  - \"sudo systemctl restart docker\"\n  - \"mkdir /var/lib/app \u0026\u0026 cd /var/lib/app \u0026\u0026 git clone https://github.com/toverainc/willow-inference-server.git \u0026\u0026 cd willow-inference-server\"\n  - \"docker pull kamikac/willow-inference-server:0.6 \u0026\u0026 docker tag kamikac/willow-inference-server:0.6 willow-inference-server:latest\"\n  - \"./download_models.sh\"\n  - \"./gen_cert.sh $(hostname)\"\n  - \"sudo chown -R ubuntu:ubuntu /var/lib/app\"",
            "template": "#cloud-config\n# Add groups to the system\n# Adds the ubuntu group with members 'root' and 'sys'\n# and the empty group hashicorp.\n# groups:\n#   - ubuntu: [root,sys]\n\n# Add users to the system. Users are added after groups are added.\n# users:\n#   - default\n#   - name: willow\n#     gecos: willow\n#     shell: /bin/bash\n#     sudo: ALL=(ALL) NOPASSWD:ALL\n#     groups: users, admin\n#     #lock_passwd: false\n#     ssh_authorized_keys:\n#       - willow_key\n\n# Downloads the golang package\n#packages:\n#  - \n\n# Install prerequisities\nruncmd:\n  - \"sudo parted /dev/nvme1n1 mklabel gpt mkpart primary 0% 100% --script \u0026\u0026 sudo mkfs.xfs /dev/nvme1n1p1\"\n  - \"sudo mv /var/lib /var/lib1 \u0026\u0026 sudo mkdir /var/lib\"\n  - \"echo '/dev/nvme1n1p1 /var/lib xfs defaults 0 0' | sudo tee -a /etc/fstab \u0026\u0026 sudo mount -a\"\n  - \"sudo mv /var/lib1/* /var/lib/ \u0026\u0026 sudo rmdir /var/lib1\"\n  - \"curl https://get.docker.com | sh \u0026\u0026 sudo systemctl --now enable docker\"\n  - \"distribution=$(. /etc/os-release;echo $ID$VERSION_ID | sed -e 's/\\\\.//g')\n    \u0026\u0026 wget https://developer.download.nvidia.com/compute/cuda/repos/$distribution/x86_64/cuda-keyring_1.0-1_all.deb\n    \u0026\u0026 sudo dpkg -i cuda-keyring_1.0-1_all.deb \u0026\u0026 rm cuda-keyring_1.0-1_all.deb\"\n  - \"distribution=$(. /etc/os-release;echo $ID$VERSION_ID)\n    \u0026\u0026 curl -fsSL https://nvidia.github.io/libnvidia-container/gpgkey | sudo gpg --dearmor -o /usr/share/keyrings/nvidia-container-toolkit-keyring.gpg\n    \u0026\u0026 curl -s -L https://nvidia.github.io/libnvidia-container/$distribution/libnvidia-container.list |\n    sed 's#deb https://#deb [signed-by=/usr/share/keyrings/nvidia-container-toolkit-keyring.gpg] https://#g' |\n    sudo tee /etc/apt/sources.list.d/nvidia-container-toolkit.list\"\n  - \"sudo apt-get update\"\n  - \"sudo DEBIAN_FRONTEND=noninteractive apt-get install -y --no-install-recommends cuda-drivers nvidia-container-toolkit\"\n  - \"sudo usermod -aG docker ubuntu\"\n  - \"sudo nvidia-ctk runtime configure --runtime=docker\"\n  - \"sudo systemctl restart docker\"\n  - \"mkdir /var/lib/app \u0026\u0026 cd /var/lib/app \u0026\u0026 git clone https://github.com/toverainc/willow-inference-server.git \u0026\u0026 cd willow-inference-server\"\n  - \"docker pull kamikac/willow-inference-server:0.6 \u0026\u0026 docker tag kamikac/willow-inference-server:0.6 willow-inference-server:latest\"\n  - \"./download_models.sh\"\n  - \"./gen_cert.sh $(hostname)\"\n  - \"sudo chown -R ubuntu:ubuntu /var/lib/app\"",
            "vars": null
          },
          "sensitive_attributes": []
        }
      ]
    },
    {
      "mode": "managed",
      "type": "aws_key_pair",
      "name": "willow_key_pair",
      "provider": "provider[\"registry.terraform.io/hashicorp/aws\"]",
      "instances": [
        {
          "schema_version": 1,
          "attributes": {
            "arn": "arn:aws:ec2:eu-west-2:615525998029:key-pair/willow_key",
            "fingerprint": "b0:56:37:d0:fa:ae:53:d5:a7:11:80:88:22:88:83:f1",
            "id": "willow_key",
            "key_name": "willow_key",
            "key_name_prefix": "",
            "key_pair_id": "key-053eba96724b68b62",
            "key_type": "rsa",
            "public_key": "ssh-rsa AAAAB3NzaC1yc2EAAAADAQABAAACAQCrs96f/crFp5IyVG3+NEG7B0c7c7Ej5et9LsBw3m4a3arqEmPaKyNAiTaJKDFkV4oQdDMgUHwwtQCpbSOv4SrDOFBfMVCHQlTPHIl/YAAaezGVFDiaWAmgbZlpmKPjTmSeMHv4fZPJtm5+N8jlyZOBSddupbiZAvl9LxQ1we75/vaZWSH+3Ojxx3NeYggIL/D0EeF+hfPzd1LR5ajNy8DEqBXx/ifO44F8EOz1bMwoniluEtUZbcFh6ipjk4m0KI/QSEInf13MkGqW7+bzUmIlcHthdtPYHyX2H6oHlVZlz/y8b2Xgdi/s0JBJQOwJ2RSgPvaSYFw8Q51+9d+1bfVCJgaYH8sFBoyL8X5OL3W2Tznap1TBbM9h585lsg4FsaHn/klUxZDblWys9GED8i//GhStJT3PiXoXZVsTg/ZzdZsT1kvIFesUALs2LE8HuxwHJKew+7TCagPb48Vh1NrO7E0zX34Wfyrw/i67IGgy5kiQlA9taRwaPKThfcPD4c33ZBcVU1Deso/7E/1EDaWu1RRrQZZXbMVAtFGkJ/LxPCpx/MGAd5zPRGRVFIQiaX4o3otCuTYhFo5UvIfQs2kHyoaRGT4gl0xvETLdVqOnJMwpiNoJQ31xpW3ZHPE/iK0igmOIsUzBa9s5seOltQIQL1GZcFvk05oDq6w9ZwMpew== marcin@Aorus",
            "tags": null,
            "tags_all": {}
          },
          "sensitive_attributes": [],
          "private": "eyJzY2hlbWFfdmVyc2lvbiI6IjEifQ=="
        }
      ]
    },
    {
      "mode": "managed",
      "type": "aws_security_group",
      "name": "instance",
      "provider": "provider[\"registry.terraform.io/hashicorp/aws\"]",
      "instances": [
        {
          "schema_version": 1,
          "attributes": {
            "arn": "arn:aws:ec2:eu-west-2:615525998029:security-group/sg-0ceee5deb96f67259",
            "description": "Managed by Terraform",
            "egress": [
              {
                "cidr_blocks": [
                  "0.0.0.0/0"
                ],
                "description": "",
                "from_port": 0,
                "ipv6_cidr_blocks": [],
                "prefix_list_ids": [],
                "protocol": "-1",
                "security_groups": [],
                "self": false,
                "to_port": 0
              }
            ],
            "id": "sg-0ceee5deb96f67259",
            "ingress": [
              {
                "cidr_blocks": [
                  "0.0.0.0/0"
                ],
                "description": "",
                "from_port": 10000,
                "ipv6_cidr_blocks": [],
                "prefix_list_ids": [],
                "protocol": "udp",
                "security_groups": [],
                "self": false,
                "to_port": 10050
              },
              {
                "cidr_blocks": [
                  "0.0.0.0/0"
                ],
                "description": "",
                "from_port": 19000,
                "ipv6_cidr_blocks": [],
                "prefix_list_ids": [],
                "protocol": "tcp",
                "security_groups": [],
                "self": false,
                "to_port": 19000
              },
              {
                "cidr_blocks": [
                  "0.0.0.0/0"
                ],
                "description": "",
                "from_port": 22,
                "ipv6_cidr_blocks": [],
                "prefix_list_ids": [],
                "protocol": "tcp",
                "security_groups": [],
                "self": false,
                "to_port": 22
              }
            ],
            "name": "willow-ec2-sg-20230612205402025800000001",
            "name_prefix": "willow-ec2-sg-",
            "owner_id": "615525998029",
            "revoke_rules_on_delete": false,
            "tags": null,
            "tags_all": {},
            "timeouts": null,
            "vpc_id": "vpc-0f9c5405fe867d65d"
          },
          "sensitive_attributes": [],
          "private": "eyJlMmJmYjczMC1lY2FhLTExZTYtOGY4OC0zNDM2M2JjN2M0YzAiOnsiY3JlYXRlIjo2MDAwMDAwMDAwMDAsImRlbGV0ZSI6OTAwMDAwMDAwMDAwfSwic2NoZW1hX3ZlcnNpb24iOiIxIn0=",
          "dependencies": [
            "module.vpc.aws_vpc.this",
            "random_id.id"
          ]
        }
      ]
    },
    {
      "mode": "managed",
      "type": "random_id",
      "name": "id",
      "provider": "provider[\"registry.terraform.io/hashicorp/random\"]",
      "instances": [
        {
          "schema_version": 0,
          "attributes": {
            "b64_std": "HQLv+y2n",
            "b64_url": "HQLv-y2n",
            "byte_length": 6,
            "dec": "31898453355943",
            "hex": "1d02effb2da7",
            "id": "HQLv-y2n",
            "keepers": null,
            "prefix": null
          },
          "sensitive_attributes": []
        }
      ]
    },
    {
      "module": "module.ec2_instance",
      "mode": "data",
      "type": "aws_partition",
      "name": "current",
      "provider": "provider[\"registry.terraform.io/hashicorp/aws\"]",
      "instances": [
        {
          "schema_version": 0,
          "attributes": {
            "dns_suffix": "amazonaws.com",
            "id": "aws",
            "partition": "aws",
            "reverse_dns_prefix": "com.amazonaws"
          },
          "sensitive_attributes": []
        }
      ]
    },
    {
      "module": "module.ec2_instance",
      "mode": "data",
      "type": "aws_ssm_parameter",
      "name": "this",
      "provider": "provider[\"registry.terraform.io/hashicorp/aws\"]",
      "instances": [
        {
          "index_key": 0,
          "schema_version": 0,
          "attributes": {
            "arn": "arn:aws:ssm:eu-west-2::parameter/aws/service/ami-amazon-linux-latest/amzn2-ami-hvm-x86_64-gp2",
            "id": "/aws/service/ami-amazon-linux-latest/amzn2-ami-hvm-x86_64-gp2",
            "name": "/aws/service/ami-amazon-linux-latest/amzn2-ami-hvm-x86_64-gp2",
            "type": "String",
            "value": "ami-0d41efbc59109083c",
            "version": 87,
            "with_decryption": true
          },
          "sensitive_attributes": []
        }
      ]
    },
    {
      "module": "module.ec2_instance",
      "mode": "managed",
      "type": "aws_instance",
      "name": "this",
      "provider": "provider[\"registry.terraform.io/hashicorp/aws\"]",
      "instances": [
        {
          "index_key": 0,
          "schema_version": 1,
          "attributes": {
            "ami": "ami-020f28df2f62420b2",
            "arn": "arn:aws:ec2:eu-west-2:615525998029:instance/i-0aad5456e07608833",
            "associate_public_ip_address": true,
            "availability_zone": "eu-west-2a",
            "capacity_reservation_specification": [
              {
                "capacity_reservation_preference": "open",
                "capacity_reservation_target": []
              }
            ],
            "cpu_core_count": 2,
            "cpu_options": [
              {
                "amd_sev_snp": "",
                "core_count": 2,
                "threads_per_core": 2
              }
            ],
            "cpu_threads_per_core": 2,
            "credit_specification": [
              {
                "cpu_credits": null
              }
            ],
            "disable_api_stop": false,
            "disable_api_termination": false,
            "ebs_block_device": [],
            "ebs_optimized": false,
            "enclave_options": [
              {
                "enabled": false
              }
            ],
            "ephemeral_block_device": [],
            "get_password_data": false,
            "hibernation": false,
            "host_id": "",
            "host_resource_group_arn": null,
            "iam_instance_profile": "",
            "id": "i-0aad5456e07608833",
            "instance_initiated_shutdown_behavior": "stop",
            "instance_state": "running",
            "instance_type": "g4dn.xlarge",
            "ipv6_address_count": 0,
            "ipv6_addresses": [],
            "key_name": "willow_key",
            "launch_template": [],
            "maintenance_options": [
              {
                "auto_recovery": "default"
              }
            ],
            "metadata_options": [
              {
                "http_endpoint": "enabled",
                "http_put_response_hop_limit": 1,
                "http_tokens": "optional",
                "instance_metadata_tags": "disabled"
              }
            ],
            "monitoring": true,
            "network_interface": [],
            "outpost_arn": "",
            "password_data": "",
            "placement_group": "",
            "placement_partition_number": 0,
            "primary_network_interface_id": "eni-0641f57fd713cd9c3",
            "private_dns": "ip-192-168-0-25.eu-west-2.compute.internal",
            "private_dns_name_options": [
              {
                "enable_resource_name_dns_a_record": false,
                "enable_resource_name_dns_aaaa_record": false,
                "hostname_type": "ip-name"
              }
            ],
            "private_ip": "192.168.0.25",
            "public_dns": "ec2-35-177-52-103.eu-west-2.compute.amazonaws.com",
            "public_ip": "35.177.52.103",
            "root_block_device": [
              {
                "delete_on_termination": true,
                "device_name": "/dev/sda1",
                "encrypted": false,
                "iops": 100,
                "kms_key_id": "",
                "tags": {},
                "throughput": 0,
                "volume_id": "vol-068e86875f07cf564",
                "volume_size": 8,
                "volume_type": "gp2"
              }
            ],
            "secondary_private_ips": [],
            "security_groups": [],
            "source_dest_check": true,
            "subnet_id": "subnet-0beb26a37c34d41db",
            "tags": {
              "Environment": "dev",
              "Name": "willow-ec2",
              "Terraform": "true"
            },
            "tags_all": {
              "Environment": "dev",
              "Name": "willow-ec2",
              "Terraform": "true"
            },
            "tenancy": "default",
            "timeouts": {
              "create": null,
              "delete": null,
              "update": null
            },
            "user_data": "54ff3bf3da4693e5b543f60f1490b4cc6ddc317d",
            "user_data_base64": null,
            "user_data_replace_on_change": false,
            "volume_tags": {
              "Name": "willow-ec2"
            },
            "vpc_security_group_ids": [
              "sg-0ceee5deb96f67259"
            ]
          },
          "sensitive_attributes": [],
          "private": "eyJlMmJmYjczMC1lY2FhLTExZTYtOGY4OC0zNDM2M2JjN2M0YzAiOnsiY3JlYXRlIjo2MDAwMDAwMDAwMDAsImRlbGV0ZSI6MTIwMDAwMDAwMDAwMCwidXBkYXRlIjo2MDAwMDAwMDAwMDB9LCJzY2hlbWFfdmVyc2lvbiI6IjEifQ==",
          "dependencies": [
            "aws_security_group.instance",
            "data.aws_ami.ubuntu",
            "data.template_file.user_data",
            "module.ec2_instance.aws_iam_instance_profile.this",
            "module.ec2_instance.data.aws_ssm_parameter.this",
            "module.vpc.aws_subnet.public",
            "module.vpc.aws_vpc.this",
            "module.vpc.aws_vpc_ipv4_cidr_block_association.this",
            "random_id.id"
          ]
        }
      ]
    },
    {
      "module": "module.vpc",
      "mode": "managed",
      "type": "aws_internet_gateway",
      "name": "this",
      "provider": "provider[\"registry.terraform.io/hashicorp/aws\"]",
      "instances": [
        {
          "index_key": 0,
          "schema_version": 0,
          "attributes": {
            "arn": "arn:aws:ec2:eu-west-2:615525998029:internet-gateway/igw-07695a9cefa1f728b",
            "id": "igw-07695a9cefa1f728b",
            "owner_id": "615525998029",
            "tags": {
              "Name": "willow-1d02effb2da7"
            },
            "tags_all": {
              "Name": "willow-1d02effb2da7"
            },
            "timeouts": null,
            "vpc_id": "vpc-0f9c5405fe867d65d"
          },
          "sensitive_attributes": [],
          "private": "eyJlMmJmYjczMC1lY2FhLTExZTYtOGY4OC0zNDM2M2JjN2M0YzAiOnsiY3JlYXRlIjoxMjAwMDAwMDAwMDAwLCJkZWxldGUiOjEyMDAwMDAwMDAwMDAsInVwZGF0ZSI6MTIwMDAwMDAwMDAwMH19",
          "dependencies": [
            "module.vpc.aws_vpc.this",
            "module.vpc.aws_vpc_ipv4_cidr_block_association.this",
            "random_id.id"
          ]
        }
      ]
    },
    {
      "module": "module.vpc",
      "mode": "managed",
      "type": "aws_route",
      "name": "public_internet_gateway",
      "provider": "provider[\"registry.terraform.io/hashicorp/aws\"]",
      "instances": [
        {
          "index_key": 0,
          "schema_version": 0,
          "attributes": {
            "carrier_gateway_id": "",
            "core_network_arn": "",
            "destination_cidr_block": "0.0.0.0/0",
            "destination_ipv6_cidr_block": "",
            "destination_prefix_list_id": "",
            "egress_only_gateway_id": "",
            "gateway_id": "igw-07695a9cefa1f728b",
            "id": "r-rtb-00e90a7221d8da1c31080289494",
            "instance_id": "",
            "instance_owner_id": "",
            "local_gateway_id": "",
            "nat_gateway_id": "",
            "network_interface_id": "",
            "origin": "CreateRoute",
            "route_table_id": "rtb-00e90a7221d8da1c3",
            "state": "active",
            "timeouts": {
              "create": "5m",
              "delete": null,
              "update": null
            },
            "transit_gateway_id": "",
            "vpc_endpoint_id": "",
            "vpc_peering_connection_id": ""
          },
          "sensitive_attributes": [],
          "private": "eyJlMmJmYjczMC1lY2FhLTExZTYtOGY4OC0zNDM2M2JjN2M0YzAiOnsiY3JlYXRlIjozMDAwMDAwMDAwMDAsImRlbGV0ZSI6MzAwMDAwMDAwMDAwLCJ1cGRhdGUiOjEyMDAwMDAwMDAwMH19",
          "dependencies": [
            "module.vpc.aws_internet_gateway.this",
            "module.vpc.aws_route_table.public",
            "module.vpc.aws_vpc.this",
            "module.vpc.aws_vpc_ipv4_cidr_block_association.this",
            "random_id.id"
          ]
        }
      ]
    },
    {
      "module": "module.vpc",
      "mode": "managed",
      "type": "aws_route_table",
      "name": "public",
      "provider": "provider[\"registry.terraform.io/hashicorp/aws\"]",
      "instances": [
        {
          "index_key": 0,
          "schema_version": 0,
          "attributes": {
            "arn": "arn:aws:ec2:eu-west-2:615525998029:route-table/rtb-00e90a7221d8da1c3",
            "id": "rtb-00e90a7221d8da1c3",
            "owner_id": "615525998029",
            "propagating_vgws": [],
            "route": [],
            "tags": {
              "Name": "willow-1d02effb2da7-public"
            },
            "tags_all": {
              "Name": "willow-1d02effb2da7-public"
            },
            "timeouts": null,
            "vpc_id": "vpc-0f9c5405fe867d65d"
          },
          "sensitive_attributes": [],
          "private": "eyJlMmJmYjczMC1lY2FhLTExZTYtOGY4OC0zNDM2M2JjN2M0YzAiOnsiY3JlYXRlIjozMDAwMDAwMDAwMDAsImRlbGV0ZSI6MzAwMDAwMDAwMDAwLCJ1cGRhdGUiOjEyMDAwMDAwMDAwMH19",
          "dependencies": [
            "module.vpc.aws_vpc.this",
            "module.vpc.aws_vpc_ipv4_cidr_block_association.this",
            "random_id.id"
          ]
        }
      ]
    },
    {
      "module": "module.vpc",
      "mode": "managed",
      "type": "aws_route_table_association",
      "name": "public",
      "provider": "provider[\"registry.terraform.io/hashicorp/aws\"]",
      "instances": [
        {
          "index_key": 0,
          "schema_version": 0,
          "attributes": {
            "gateway_id": "",
            "id": "rtbassoc-0d5d25ffdf0ad1840",
            "route_table_id": "rtb-00e90a7221d8da1c3",
            "subnet_id": "subnet-0beb26a37c34d41db",
            "timeouts": null
          },
          "sensitive_attributes": [],
          "private": "eyJlMmJmYjczMC1lY2FhLTExZTYtOGY4OC0zNDM2M2JjN2M0YzAiOnsiY3JlYXRlIjozMDAwMDAwMDAwMDAsImRlbGV0ZSI6MzAwMDAwMDAwMDAwLCJ1cGRhdGUiOjEyMDAwMDAwMDAwMH19",
          "dependencies": [
            "module.vpc.aws_route_table.public",
            "module.vpc.aws_subnet.public",
            "module.vpc.aws_vpc.this",
            "module.vpc.aws_vpc_ipv4_cidr_block_association.this",
            "random_id.id"
          ]
        },
        {
          "index_key": 1,
          "schema_version": 0,
          "attributes": {
            "gateway_id": "",
            "id": "rtbassoc-028559c684dda4c55",
            "route_table_id": "rtb-00e90a7221d8da1c3",
            "subnet_id": "subnet-04d277f3cdec6c6df",
            "timeouts": null
          },
          "sensitive_attributes": [],
          "private": "eyJlMmJmYjczMC1lY2FhLTExZTYtOGY4OC0zNDM2M2JjN2M0YzAiOnsiY3JlYXRlIjozMDAwMDAwMDAwMDAsImRlbGV0ZSI6MzAwMDAwMDAwMDAwLCJ1cGRhdGUiOjEyMDAwMDAwMDAwMH19",
          "dependencies": [
            "module.vpc.aws_route_table.public",
            "module.vpc.aws_subnet.public",
            "module.vpc.aws_vpc.this",
            "module.vpc.aws_vpc_ipv4_cidr_block_association.this",
            "random_id.id"
          ]
        }
      ]
    },
    {
      "module": "module.vpc",
      "mode": "managed",
      "type": "aws_subnet",
      "name": "public",
      "provider": "provider[\"registry.terraform.io/hashicorp/aws\"]",
      "instances": [
        {
          "index_key": 0,
          "schema_version": 1,
          "attributes": {
            "arn": "arn:aws:ec2:eu-west-2:615525998029:subnet/subnet-0beb26a37c34d41db",
            "assign_ipv6_address_on_creation": false,
            "availability_zone": "eu-west-2a",
            "availability_zone_id": "euw2-az2",
            "cidr_block": "192.168.0.0/26",
            "customer_owned_ipv4_pool": "",
            "enable_dns64": false,
            "enable_lni_at_device_index": 0,
            "enable_resource_name_dns_a_record_on_launch": false,
            "enable_resource_name_dns_aaaa_record_on_launch": false,
            "id": "subnet-0beb26a37c34d41db",
            "ipv6_cidr_block": "",
            "ipv6_cidr_block_association_id": "",
            "ipv6_native": false,
            "map_customer_owned_ip_on_launch": false,
            "map_public_ip_on_launch": true,
            "outpost_arn": "",
            "owner_id": "615525998029",
            "private_dns_hostname_type_on_launch": "ip-name",
            "tags": {
              "Name": "willow-1d02effb2da7-public-eu-west-2a"
            },
            "tags_all": {
              "Name": "willow-1d02effb2da7-public-eu-west-2a"
            },
            "timeouts": null,
            "vpc_id": "vpc-0f9c5405fe867d65d"
          },
          "sensitive_attributes": [],
          "private": "eyJlMmJmYjczMC1lY2FhLTExZTYtOGY4OC0zNDM2M2JjN2M0YzAiOnsiY3JlYXRlIjo2MDAwMDAwMDAwMDAsImRlbGV0ZSI6MTIwMDAwMDAwMDAwMH0sInNjaGVtYV92ZXJzaW9uIjoiMSJ9",
          "dependencies": [
            "module.vpc.aws_vpc.this",
            "module.vpc.aws_vpc_ipv4_cidr_block_association.this",
            "random_id.id"
          ]
        },
        {
          "index_key": 1,
          "schema_version": 1,
          "attributes": {
            "arn": "arn:aws:ec2:eu-west-2:615525998029:subnet/subnet-04d277f3cdec6c6df",
            "assign_ipv6_address_on_creation": false,
            "availability_zone": "eu-west-2b",
            "availability_zone_id": "euw2-az3",
            "cidr_block": "192.168.0.64/26",
            "customer_owned_ipv4_pool": "",
            "enable_dns64": false,
            "enable_lni_at_device_index": 0,
            "enable_resource_name_dns_a_record_on_launch": false,
            "enable_resource_name_dns_aaaa_record_on_launch": false,
            "id": "subnet-04d277f3cdec6c6df",
            "ipv6_cidr_block": "",
            "ipv6_cidr_block_association_id": "",
            "ipv6_native": false,
            "map_customer_owned_ip_on_launch": false,
            "map_public_ip_on_launch": true,
            "outpost_arn": "",
            "owner_id": "615525998029",
            "private_dns_hostname_type_on_launch": "ip-name",
            "tags": {
              "Name": "willow-1d02effb2da7-public-eu-west-2b"
            },
            "tags_all": {
              "Name": "willow-1d02effb2da7-public-eu-west-2b"
            },
            "timeouts": null,
            "vpc_id": "vpc-0f9c5405fe867d65d"
          },
          "sensitive_attributes": [],
          "private": "eyJlMmJmYjczMC1lY2FhLTExZTYtOGY4OC0zNDM2M2JjN2M0YzAiOnsiY3JlYXRlIjo2MDAwMDAwMDAwMDAsImRlbGV0ZSI6MTIwMDAwMDAwMDAwMH0sInNjaGVtYV92ZXJzaW9uIjoiMSJ9",
          "dependencies": [
            "module.vpc.aws_vpc.this",
            "module.vpc.aws_vpc_ipv4_cidr_block_association.this",
            "random_id.id"
          ]
        }
      ]
    },
    {
      "module": "module.vpc",
      "mode": "managed",
      "type": "aws_vpc",
      "name": "this",
      "provider": "provider[\"registry.terraform.io/hashicorp/aws\"]",
      "instances": [
        {
          "index_key": 0,
          "schema_version": 1,
          "attributes": {
            "arn": "arn:aws:ec2:eu-west-2:615525998029:vpc/vpc-0f9c5405fe867d65d",
            "assign_generated_ipv6_cidr_block": false,
            "cidr_block": "192.168.0.0/24",
            "default_network_acl_id": "acl-0b954f9b888a7b3f8",
            "default_route_table_id": "rtb-0fcf228a21be73be1",
            "default_security_group_id": "sg-09e94797d548a441f",
            "dhcp_options_id": "dopt-0a8a00c15464a46b9",
            "enable_classiclink": false,
            "enable_classiclink_dns_support": false,
            "enable_dns_hostnames": true,
            "enable_dns_support": true,
            "enable_network_address_usage_metrics": false,
            "id": "vpc-0f9c5405fe867d65d",
            "instance_tenancy": "default",
            "ipv4_ipam_pool_id": null,
            "ipv4_netmask_length": null,
            "ipv6_association_id": "",
            "ipv6_cidr_block": "",
            "ipv6_cidr_block_network_border_group": "",
            "ipv6_ipam_pool_id": "",
            "ipv6_netmask_length": 0,
            "main_route_table_id": "rtb-0fcf228a21be73be1",
            "owner_id": "615525998029",
            "tags": {
              "Name": "willow-1d02effb2da7"
            },
            "tags_all": {
              "Name": "willow-1d02effb2da7"
            }
          },
          "sensitive_attributes": [],
          "private": "eyJzY2hlbWFfdmVyc2lvbiI6IjEifQ==",
          "dependencies": [
            "random_id.id"
          ]
        }
      ]
    }
  ],
  "check_results": null
}
